// !$*UTF8*$!
{
	archiveVersion = 1;
	classes = {
	};
	objectVersion = 46;
	objects = {

/* Begin PBXBuildFile section */
		2801A3591C77A5A800C5B3CA /* AppDelegate.swift in Sources */ = {isa = PBXBuildFile; fileRef = 2801A3581C77A5A800C5B3CA /* AppDelegate.swift */; };
		2801A35B1C77A5A800C5B3CA /* PaintViewController.swift in Sources */ = {isa = PBXBuildFile; fileRef = 2801A35A1C77A5A800C5B3CA /* PaintViewController.swift */; };
		2801A35D1C77A5A800C5B3CA /* BrowseFeedViewController.swift in Sources */ = {isa = PBXBuildFile; fileRef = 2801A35C1C77A5A800C5B3CA /* BrowseFeedViewController.swift */; };
		2801A3601C77A5A800C5B3CA /* Main.storyboard in Resources */ = {isa = PBXBuildFile; fileRef = 2801A35E1C77A5A800C5B3CA /* Main.storyboard */; };
		2801A3621C77A5A800C5B3CA /* Assets.xcassets in Resources */ = {isa = PBXBuildFile; fileRef = 2801A3611C77A5A800C5B3CA /* Assets.xcassets */; };
		2801A3651C77A5A800C5B3CA /* LaunchScreen.storyboard in Resources */ = {isa = PBXBuildFile; fileRef = 2801A3631C77A5A800C5B3CA /* LaunchScreen.storyboard */; };
		2801A3731C77EFB200C5B3CA /* PaintView.swift in Sources */ = {isa = PBXBuildFile; fileRef = 2801A3721C77EFB200C5B3CA /* PaintView.swift */; };
		2801A3751C78D05000C5B3CA /* ColoringImage.swift in Sources */ = {isa = PBXBuildFile; fileRef = 2801A3741C78D05000C5B3CA /* ColoringImage.swift */; };
		285B9B601C8C08DD00E271AD /* OptionsViewController.swift in Sources */ = {isa = PBXBuildFile; fileRef = 285B9B5F1C8C08DD00E271AD /* OptionsViewController.swift */; };
		285B9B641C8C12DF00E271AD /* share@1x.png in Resources */ = {isa = PBXBuildFile; fileRef = 285B9B611C8C12DF00E271AD /* share@1x.png */; };
		285B9B651C8C12DF00E271AD /* share@2x.png in Resources */ = {isa = PBXBuildFile; fileRef = 285B9B621C8C12DF00E271AD /* share@2x.png */; };
		285B9B661C8C12DF00E271AD /* share@3x.png in Resources */ = {isa = PBXBuildFile; fileRef = 285B9B631C8C12DF00E271AD /* share@3x.png */; };
		28D08F571C79AB60009C3861 /* ColorViewController.swift in Sources */ = {isa = PBXBuildFile; fileRef = 28D08F561C79AB5F009C3861 /* ColorViewController.swift */; };
		28D08F591C79D0BE009C3861 /* HSBColorPicker.swift in Sources */ = {isa = PBXBuildFile; fileRef = 28D08F581C79D0BE009C3861 /* HSBColorPicker.swift */; };
		28D08F5B1C7A0E23009C3861 /* PaintingContext.swift in Sources */ = {isa = PBXBuildFile; fileRef = 28D08F5A1C7A0E23009C3861 /* PaintingContext.swift */; };
		28D08F5D1C7A0E94009C3861 /* PaintingTabBarController.swift in Sources */ = {isa = PBXBuildFile; fileRef = 28D08F5C1C7A0E94009C3861 /* PaintingTabBarController.swift */; };
		28D08F5F1C7A2FA7009C3861 /* ColoringTableCell.swift in Sources */ = {isa = PBXBuildFile; fileRef = 28D08F5E1C7A2FA7009C3861 /* ColoringTableCell.swift */; };
		28D08F611C7A5F40009C3861 /* Feed.swift in Sources */ = {isa = PBXBuildFile; fileRef = 28D08F601C7A5F40009C3861 /* Feed.swift */; };
		28D08F7E1C7D0348009C3861 /* palette@1x.png in Resources */ = {isa = PBXBuildFile; fileRef = 28D08F7B1C7D0348009C3861 /* palette@1x.png */; };
		28D08F7F1C7D0348009C3861 /* palette@2x.png in Resources */ = {isa = PBXBuildFile; fileRef = 28D08F7C1C7D0348009C3861 /* palette@2x.png */; };
		28D08F801C7D0348009C3861 /* palette@3x.png in Resources */ = {isa = PBXBuildFile; fileRef = 28D08F7D1C7D0348009C3861 /* palette@3x.png */; };
		28D08F841C7D0B69009C3861 /* image@1x.png in Resources */ = {isa = PBXBuildFile; fileRef = 28D08F811C7D0B69009C3861 /* image@1x.png */; };
		28D08F851C7D0B69009C3861 /* image@2x.png in Resources */ = {isa = PBXBuildFile; fileRef = 28D08F821C7D0B69009C3861 /* image@2x.png */; };
		28D08F861C7D0B69009C3861 /* image@3x.png in Resources */ = {isa = PBXBuildFile; fileRef = 28D08F831C7D0B69009C3861 /* image@3x.png */; };
		28D08F8A1C7D0DF1009C3861 /* book@1x.png in Resources */ = {isa = PBXBuildFile; fileRef = 28D08F871C7D0DF1009C3861 /* book@1x.png */; };
		28D08F8B1C7D0DF1009C3861 /* book@2x.png in Resources */ = {isa = PBXBuildFile; fileRef = 28D08F881C7D0DF1009C3861 /* book@2x.png */; };
		28D08F8C1C7D0DF1009C3861 /* book@3x.png in Resources */ = {isa = PBXBuildFile; fileRef = 28D08F891C7D0DF1009C3861 /* book@3x.png */; };
		28D08F8E1C7D100A009C3861 /* owlWithGlasses.png in Resources */ = {isa = PBXBuildFile; fileRef = 28D08F8D1C7D100A009C3861 /* owlWithGlasses.png */; };
/* End PBXBuildFile section */

/* Begin PBXFileReference section */
		2801A3551C77A5A800C5B3CA /* FlickrPaint.app */ = {isa = PBXFileReference; explicitFileType = wrapper.application; includeInIndex = 0; path = FlickrPaint.app; sourceTree = BUILT_PRODUCTS_DIR; };
		2801A3581C77A5A800C5B3CA /* AppDelegate.swift */ = {isa = PBXFileReference; lastKnownFileType = sourcecode.swift; path = AppDelegate.swift; sourceTree = "<group>"; };
		2801A35A1C77A5A800C5B3CA /* PaintViewController.swift */ = {isa = PBXFileReference; lastKnownFileType = sourcecode.swift; path = PaintViewController.swift; sourceTree = "<group>"; };
		2801A35C1C77A5A800C5B3CA /* BrowseFeedViewController.swift */ = {isa = PBXFileReference; lastKnownFileType = sourcecode.swift; path = BrowseFeedViewController.swift; sourceTree = "<group>"; };
		2801A35F1C77A5A800C5B3CA /* Base */ = {isa = PBXFileReference; lastKnownFileType = file.storyboard; name = Base; path = Base.lproj/Main.storyboard; sourceTree = "<group>"; };
		2801A3611C77A5A800C5B3CA /* Assets.xcassets */ = {isa = PBXFileReference; lastKnownFileType = folder.assetcatalog; path = Assets.xcassets; sourceTree = "<group>"; };
		2801A3641C77A5A800C5B3CA /* Base */ = {isa = PBXFileReference; lastKnownFileType = file.storyboard; name = Base; path = Base.lproj/LaunchScreen.storyboard; sourceTree = "<group>"; };
		2801A3661C77A5A800C5B3CA /* Info.plist */ = {isa = PBXFileReference; lastKnownFileType = text.plist.xml; path = Info.plist; sourceTree = "<group>"; };
		2801A3721C77EFB200C5B3CA /* PaintView.swift */ = {isa = PBXFileReference; fileEncoding = 4; lastKnownFileType = sourcecode.swift; path = PaintView.swift; sourceTree = "<group>"; };
		2801A3741C78D05000C5B3CA /* ColoringImage.swift */ = {isa = PBXFileReference; fileEncoding = 4; lastKnownFileType = sourcecode.swift; path = ColoringImage.swift; sourceTree = "<group>"; };
		285B9B5F1C8C08DD00E271AD /* OptionsViewController.swift */ = {isa = PBXFileReference; fileEncoding = 4; lastKnownFileType = sourcecode.swift; path = OptionsViewController.swift; sourceTree = "<group>"; };
		285B9B611C8C12DF00E271AD /* share@1x.png */ = {isa = PBXFileReference; lastKnownFileType = image.png; path = "share@1x.png"; sourceTree = "<group>"; };
		285B9B621C8C12DF00E271AD /* share@2x.png */ = {isa = PBXFileReference; lastKnownFileType = image.png; path = "share@2x.png"; sourceTree = "<group>"; };
		285B9B631C8C12DF00E271AD /* share@3x.png */ = {isa = PBXFileReference; lastKnownFileType = image.png; path = "share@3x.png"; sourceTree = "<group>"; };
		28D08F561C79AB5F009C3861 /* ColorViewController.swift */ = {isa = PBXFileReference; fileEncoding = 4; lastKnownFileType = sourcecode.swift; path = ColorViewController.swift; sourceTree = "<group>"; };
		28D08F581C79D0BE009C3861 /* HSBColorPicker.swift */ = {isa = PBXFileReference; fileEncoding = 4; lastKnownFileType = sourcecode.swift; path = HSBColorPicker.swift; sourceTree = "<group>"; };
		28D08F5A1C7A0E23009C3861 /* PaintingContext.swift */ = {isa = PBXFileReference; fileEncoding = 4; lastKnownFileType = sourcecode.swift; path = PaintingContext.swift; sourceTree = "<group>"; };
		28D08F5C1C7A0E94009C3861 /* PaintingTabBarController.swift */ = {isa = PBXFileReference; fileEncoding = 4; lastKnownFileType = sourcecode.swift; path = PaintingTabBarController.swift; sourceTree = "<group>"; };
		28D08F5E1C7A2FA7009C3861 /* ColoringTableCell.swift */ = {isa = PBXFileReference; fileEncoding = 4; lastKnownFileType = sourcecode.swift; path = ColoringTableCell.swift; sourceTree = "<group>"; };
		28D08F601C7A5F40009C3861 /* Feed.swift */ = {isa = PBXFileReference; fileEncoding = 4; lastKnownFileType = sourcecode.swift; path = Feed.swift; sourceTree = "<group>"; };
		28D08F7B1C7D0348009C3861 /* palette@1x.png */ = {isa = PBXFileReference; lastKnownFileType = image.png; path = "palette@1x.png"; sourceTree = "<group>"; };
		28D08F7C1C7D0348009C3861 /* palette@2x.png */ = {isa = PBXFileReference; lastKnownFileType = image.png; path = "palette@2x.png"; sourceTree = "<group>"; };
		28D08F7D1C7D0348009C3861 /* palette@3x.png */ = {isa = PBXFileReference; lastKnownFileType = image.png; path = "palette@3x.png"; sourceTree = "<group>"; };
		28D08F811C7D0B69009C3861 /* image@1x.png */ = {isa = PBXFileReference; lastKnownFileType = image.png; path = "image@1x.png"; sourceTree = "<group>"; };
		28D08F821C7D0B69009C3861 /* image@2x.png */ = {isa = PBXFileReference; lastKnownFileType = image.png; path = "image@2x.png"; sourceTree = "<group>"; };
		28D08F831C7D0B69009C3861 /* image@3x.png */ = {isa = PBXFileReference; lastKnownFileType = image.png; path = "image@3x.png"; sourceTree = "<group>"; };
		28D08F871C7D0DF1009C3861 /* book@1x.png */ = {isa = PBXFileReference; lastKnownFileType = image.png; path = "book@1x.png"; sourceTree = "<group>"; };
		28D08F881C7D0DF1009C3861 /* book@2x.png */ = {isa = PBXFileReference; lastKnownFileType = image.png; path = "book@2x.png"; sourceTree = "<group>"; };
		28D08F891C7D0DF1009C3861 /* book@3x.png */ = {isa = PBXFileReference; lastKnownFileType = image.png; path = "book@3x.png"; sourceTree = "<group>"; };
		28D08F8D1C7D100A009C3861 /* owlWithGlasses.png */ = {isa = PBXFileReference; lastKnownFileType = image.png; path = owlWithGlasses.png; sourceTree = "<group>"; };
/* End PBXFileReference section */

/* Begin PBXFrameworksBuildPhase section */
		2801A3521C77A5A800C5B3CA /* Frameworks */ = {
			isa = PBXFrameworksBuildPhase;
			buildActionMask = 2147483647;
			files = (
			);
			runOnlyForDeploymentPostprocessing = 0;
		};
/* End PBXFrameworksBuildPhase section */

/* Begin PBXGroup section */
		2801A34C1C77A5A800C5B3CA = {
			isa = PBXGroup;
			children = (
				2801A3571C77A5A800C5B3CA /* FlickrPaint */,
				2801A3561C77A5A800C5B3CA /* Products */,
			);
			sourceTree = "<group>";
		};
		2801A3561C77A5A800C5B3CA /* Products */ = {
			isa = PBXGroup;
			children = (
				2801A3551C77A5A800C5B3CA /* FlickrPaint.app */,
			);
			name = Products;
			sourceTree = "<group>";
		};
		2801A3571C77A5A800C5B3CA /* FlickrPaint */ = {
			isa = PBXGroup;
			children = (
				28D08F681C7BAD55009C3861 /* Icons */,
				2801A3581C77A5A800C5B3CA /* AppDelegate.swift */,
				2801A35A1C77A5A800C5B3CA /* PaintViewController.swift */,
				28D08F561C79AB5F009C3861 /* ColorViewController.swift */,
				2801A35C1C77A5A800C5B3CA /* BrowseFeedViewController.swift */,
				285B9B5F1C8C08DD00E271AD /* OptionsViewController.swift */,
				28D08F5C1C7A0E94009C3861 /* PaintingTabBarController.swift */,
				2801A3721C77EFB200C5B3CA /* PaintView.swift */,
				28D08F581C79D0BE009C3861 /* HSBColorPicker.swift */,
				2801A3741C78D05000C5B3CA /* ColoringImage.swift */,
				28D08F5A1C7A0E23009C3861 /* PaintingContext.swift */,
				28D08F5E1C7A2FA7009C3861 /* ColoringTableCell.swift */,
				28D08F601C7A5F40009C3861 /* Feed.swift */,
				2801A35E1C77A5A800C5B3CA /* Main.storyboard */,
				2801A3611C77A5A800C5B3CA /* Assets.xcassets */,
				28D08F8D1C7D100A009C3861 /* owlWithGlasses.png */,
				2801A3631C77A5A800C5B3CA /* LaunchScreen.storyboard */,
				2801A3661C77A5A800C5B3CA /* Info.plist */,
			);
			path = FlickrPaint;
			sourceTree = "<group>";
		};
		28D08F681C7BAD55009C3861 /* Icons */ = {
			isa = PBXGroup;
			children = (
				285B9B611C8C12DF00E271AD /* share@1x.png */,
				285B9B621C8C12DF00E271AD /* share@2x.png */,
				285B9B631C8C12DF00E271AD /* share@3x.png */,
				28D08F871C7D0DF1009C3861 /* book@1x.png */,
				28D08F881C7D0DF1009C3861 /* book@2x.png */,
				28D08F891C7D0DF1009C3861 /* book@3x.png */,
				28D08F811C7D0B69009C3861 /* image@1x.png */,
				28D08F821C7D0B69009C3861 /* image@2x.png */,
				28D08F831C7D0B69009C3861 /* image@3x.png */,
				28D08F7B1C7D0348009C3861 /* palette@1x.png */,
				28D08F7C1C7D0348009C3861 /* palette@2x.png */,
				28D08F7D1C7D0348009C3861 /* palette@3x.png */,
			);
			name = Icons;
			sourceTree = "<group>";
		};
/* End PBXGroup section */

/* Begin PBXNativeTarget section */
		2801A3541C77A5A800C5B3CA /* FlickrPaint */ = {
			isa = PBXNativeTarget;
			buildConfigurationList = 2801A3691C77A5A800C5B3CA /* Build configuration list for PBXNativeTarget "FlickrPaint" */;
			buildPhases = (
				2801A3511C77A5A800C5B3CA /* Sources */,
				2801A3521C77A5A800C5B3CA /* Frameworks */,
				2801A3531C77A5A800C5B3CA /* Resources */,
			);
			buildRules = (
			);
			dependencies = (
			);
			name = FlickrPaint;
			productName = FlickrPaint;
			productReference = 2801A3551C77A5A800C5B3CA /* FlickrPaint.app */;
			productType = "com.apple.product-type.application";
		};
/* End PBXNativeTarget section */

/* Begin PBXProject section */
		2801A34D1C77A5A800C5B3CA /* Project object */ = {
			isa = PBXProject;
			attributes = {
				LastSwiftUpdateCheck = 0720;
				LastUpgradeCheck = 0720;
				ORGANIZATIONNAME = "Markus Torpvret";
				TargetAttributes = {
					2801A3541C77A5A800C5B3CA = {
						CreatedOnToolsVersion = 7.2.1;
					};
				};
			};
			buildConfigurationList = 2801A3501C77A5A800C5B3CA /* Build configuration list for PBXProject "FlickrPaint" */;
			compatibilityVersion = "Xcode 3.2";
			developmentRegion = English;
			hasScannedForEncodings = 0;
			knownRegions = (
				en,
				Base,
			);
			mainGroup = 2801A34C1C77A5A800C5B3CA;
			productRefGroup = 2801A3561C77A5A800C5B3CA /* Products */;
			projectDirPath = "";
			projectRoot = "";
			targets = (
				2801A3541C77A5A800C5B3CA /* FlickrPaint */,
			);
		};
/* End PBXProject section */

/* Begin PBXResourcesBuildPhase section */
		2801A3531C77A5A800C5B3CA /* Resources */ = {
			isa = PBXResourcesBuildPhase;
			buildActionMask = 2147483647;
			files = (
				28D08F8A1C7D0DF1009C3861 /* book@1x.png in Resources */,
				28D08F8E1C7D100A009C3861 /* owlWithGlasses.png in Resources */,
				28D08F851C7D0B69009C3861 /* image@2x.png in Resources */,
				28D08F801C7D0348009C3861 /* palette@3x.png in Resources */,
				2801A3651C77A5A800C5B3CA /* LaunchScreen.storyboard in Resources */,
				285B9B651C8C12DF00E271AD /* share@2x.png in Resources */,
				28D08F841C7D0B69009C3861 /* image@1x.png in Resources */,
				28D08F8C1C7D0DF1009C3861 /* book@3x.png in Resources */,
				28D08F7F1C7D0348009C3861 /* palette@2x.png in Resources */,
				2801A3621C77A5A800C5B3CA /* Assets.xcassets in Resources */,
				28D08F861C7D0B69009C3861 /* image@3x.png in Resources */,
				2801A3601C77A5A800C5B3CA /* Main.storyboard in Resources */,
				285B9B641C8C12DF00E271AD /* share@1x.png in Resources */,
				285B9B661C8C12DF00E271AD /* share@3x.png in Resources */,
				28D08F7E1C7D0348009C3861 /* palette@1x.png in Resources */,
				28D08F8B1C7D0DF1009C3861 /* book@2x.png in Resources */,
			);
			runOnlyForDeploymentPostprocessing = 0;
		};
/* End PBXResourcesBuildPhase section */

/* Begin PBXSourcesBuildPhase section */
		2801A3511C77A5A800C5B3CA /* Sources */ = {
			isa = PBXSourcesBuildPhase;
			buildActionMask = 2147483647;
			files = (
				28D08F5B1C7A0E23009C3861 /* PaintingContext.swift in Sources */,
				2801A3751C78D05000C5B3CA /* ColoringImage.swift in Sources */,
				2801A35D1C77A5A800C5B3CA /* BrowseFeedViewController.swift in Sources */,
				28D08F5D1C7A0E94009C3861 /* PaintingTabBarController.swift in Sources */,
				28D08F611C7A5F40009C3861 /* Feed.swift in Sources */,
				2801A3731C77EFB200C5B3CA /* PaintView.swift in Sources */,
				2801A3591C77A5A800C5B3CA /* AppDelegate.swift in Sources */,
				28D08F591C79D0BE009C3861 /* HSBColorPicker.swift in Sources */,
				28D08F571C79AB60009C3861 /* ColorViewController.swift in Sources */,
				285B9B601C8C08DD00E271AD /* OptionsViewController.swift in Sources */,
				2801A35B1C77A5A800C5B3CA /* PaintViewController.swift in Sources */,
				28D08F5F1C7A2FA7009C3861 /* ColoringTableCell.swift in Sources */,
			);
			runOnlyForDeploymentPostprocessing = 0;
		};
/* End PBXSourcesBuildPhase section */

/* Begin PBXVariantGroup section */
		2801A35E1C77A5A800C5B3CA /* Main.storyboard */ = {
			isa = PBXVariantGroup;
			children = (
				2801A35F1C77A5A800C5B3CA /* Base */,
			);
			name = Main.storyboard;
			sourceTree = "<group>";
		};
		2801A3631C77A5A800C5B3CA /* LaunchScreen.storyboard */ = {
			isa = PBXVariantGroup;
			children = (
				2801A3641C77A5A800C5B3CA /* Base */,
			);
			name = LaunchScreen.storyboard;
			sourceTree = "<group>";
		};
/* End PBXVariantGroup section */

/* Begin XCBuildConfiguration section */
		2801A3671C77A5A800C5B3CA /* Debug */ = {
			isa = XCBuildConfiguration;
			buildSettings = {
				ALWAYS_SEARCH_USER_PATHS = NO;
				CLANG_CXX_LANGUAGE_STANDARD = "gnu++0x";
				CLANG_CXX_LIBRARY = "libc++";
				CLANG_ENABLE_MODULES = YES;
				CLANG_ENABLE_OBJC_ARC = YES;
				CLANG_WARN_BOOL_CONVERSION = YES;
				CLANG_WARN_CONSTANT_CONVERSION = YES;
				CLANG_WARN_DIRECT_OBJC_ISA_USAGE = YES_ERROR;
				CLANG_WARN_EMPTY_BODY = YES;
				CLANG_WARN_ENUM_CONVERSION = YES;
				CLANG_WARN_INT_CONVERSION = YES;
				CLANG_WARN_OBJC_ROOT_CLASS = YES_ERROR;
				CLANG_WARN_UNREACHABLE_CODE = YES;
				CLANG_WARN__DUPLICATE_METHOD_MATCH = YES;
				"CODE_SIGN_IDENTITY[sdk=iphoneos*]" = "iPhone Developer";
				COPY_PHASE_STRIP = NO;
				DEBUG_INFORMATION_FORMAT = dwarf;
				ENABLE_STRICT_OBJC_MSGSEND = YES;
				ENABLE_TESTABILITY = YES;
				GCC_C_LANGUAGE_STANDARD = gnu99;
				GCC_DYNAMIC_NO_PIC = NO;
				GCC_NO_COMMON_BLOCKS = YES;
				GCC_OPTIMIZATION_LEVEL = 0;
				GCC_PREPROCESSOR_DEFINITIONS = (
					"DEBUG=1",
					"$(inherited)",
				);
				GCC_WARN_64_TO_32_BIT_CONVERSION = YES;
				GCC_WARN_ABOUT_RETURN_TYPE = YES_ERROR;
				GCC_WARN_UNDECLARED_SELECTOR = YES;
				GCC_WARN_UNINITIALIZED_AUTOS = YES_AGGRESSIVE;
				GCC_WARN_UNUSED_FUNCTION = YES;
				GCC_WARN_UNUSED_VARIABLE = YES;
				IPHONEOS_DEPLOYMENT_TARGET = 9.2;
				MTL_ENABLE_DEBUG_INFO = YES;
				ONLY_ACTIVE_ARCH = YES;
				SDKROOT = iphoneos;
				SWIFT_OPTIMIZATION_LEVEL = "-Onone";
				TARGETED_DEVICE_FAMILY = "1,2";
			};
			name = Debug;
		};
		2801A3681C77A5A800C5B3CA /* Release */ = {
			isa = XCBuildConfiguration;
			buildSettings = {
				ALWAYS_SEARCH_USER_PATHS = NO;
				CLANG_CXX_LANGUAGE_STANDARD = "gnu++0x";
				CLANG_CXX_LIBRARY = "libc++";
				CLANG_ENABLE_MODULES = YES;
				CLANG_ENABLE_OBJC_ARC = YES;
				CLANG_WARN_BOOL_CONVERSION = YES;
				CLANG_WARN_CONSTANT_CONVERSION = YES;
				CLANG_WARN_DIRECT_OBJC_ISA_USAGE = YES_ERROR;
				CLANG_WARN_EMPTY_BODY = YES;
				CLANG_WARN_ENUM_CONVERSION = YES;
				CLANG_WARN_INT_CONVERSION = YES;
				CLANG_WARN_OBJC_ROOT_CLASS = YES_ERROR;
				CLANG_WARN_UNREACHABLE_CODE = YES;
				CLANG_WARN__DUPLICATE_METHOD_MATCH = YES;
				"CODE_SIGN_IDENTITY[sdk=iphoneos*]" = "iPhone Developer";
				COPY_PHASE_STRIP = NO;
				DEBUG_INFORMATION_FORMAT = "dwarf-with-dsym";
				ENABLE_NS_ASSERTIONS = NO;
				ENABLE_STRICT_OBJC_MSGSEND = YES;
				GCC_C_LANGUAGE_STANDARD = gnu99;
				GCC_NO_COMMON_BLOCKS = YES;
				GCC_WARN_64_TO_32_BIT_CONVERSION = YES;
				GCC_WARN_ABOUT_RETURN_TYPE = YES_ERROR;
				GCC_WARN_UNDECLARED_SELECTOR = YES;
				GCC_WARN_UNINITIALIZED_AUTOS = YES_AGGRESSIVE;
				GCC_WARN_UNUSED_FUNCTION = YES;
				GCC_WARN_UNUSED_VARIABLE = YES;
				IPHONEOS_DEPLOYMENT_TARGET = 9.2;
				MTL_ENABLE_DEBUG_INFO = NO;
				SDKROOT = iphoneos;
				TARGETED_DEVICE_FAMILY = "1,2";
				VALIDATE_PRODUCT = YES;
			};
			name = Release;
		};
		2801A36A1C77A5A800C5B3CA /* Debug */ = {
			isa = XCBuildConfiguration;
			buildSettings = {
				ASSETCATALOG_COMPILER_APPICON_NAME = AppIcon;
				INFOPLIST_FILE = FlickrPaint/Info.plist;
				LD_RUNPATH_SEARCH_PATHS = "$(inherited) @executable_path/Frameworks";
				PRODUCT_BUNDLE_IDENTIFIER = srcmonster.FlickrPaint;
				PRODUCT_NAME = FlickrPaint;
			};
			name = Debug;
		};
		2801A36B1C77A5A800C5B3CA /* Release */ = {
			isa = XCBuildConfiguration;
			buildSettings = {
				ASSETCATALOG_COMPILER_APPICON_NAME = AppIcon;
				INFOPLIST_FILE = FlickrPaint/Info.plist;
				LD_RUNPATH_SEARCH_PATHS = "$(inherited) @executable_path/Frameworks";
				PRODUCT_BUNDLE_IDENTIFIER = srcmonster.FlickrPaint;
				PRODUCT_NAME = FlickrPaint;
			};
			name = Release;
		};
/* End XCBuildConfiguration section */

/* Begin XCConfigurationList section */
		2801A3501C77A5A800C5B3CA /* Build configuration list for PBXProject "FlickrPaint" */ = {
			isa = XCConfigurationList;
			buildConfigurations = (
				2801A3671C77A5A800C5B3CA /* Debug */,
				2801A3681C77A5A800C5B3CA /* Release */,
			);
			defaultConfigurationIsVisible = 0;
			defaultConfigurationName = Release;
		};
		2801A3691C77A5A800C5B3CA /* Build configuration list for PBXNativeTarget "FlickrPaint" */ = {
			isa = XCConfigurationList;
			buildConfigurations = (
				2801A36A1C77A5A800C5B3CA /* Debug */,
				2801A36B1C77A5A800C5B3CA /* Release */,
			);
			defaultConfigurationIsVisible = 0;
			defaultConfigurationName = Release;
		};
/* End XCConfigurationList section */
	};
	rootObject = 2801A34D1C77A5A800C5B3CA /* Project object */;
}
